
Microsoft Visual Studio Solution File, Format Version 12.00
# Visual Studio Version 16
VisualStudioVersion = 16.0.31515.178
MinimumVisualStudioVersion = 10.0.40219.1
Project("{54435603-DBB4-11D2-8724-00A0C9A8B90C}") = "Peernet.Browser.Setup", "Peernet.Browser.Setup\Peernet.Browser.Setup.vdproj", "{0F59AF90-5046-484C-9F0C-B56D52B443DD}"
EndProject
Project("{FAE04EC0-301F-11D3-BF4B-00C04F79EFBC}") = "Peernet.Browser.Setup.AddFirewallRule", "Peernet.Browser.Setup.AddFirewallRule\Peernet.Browser.Setup.AddFirewallRule.csproj", "{10C4EA75-C7D9-45C0-8F9F-154C25904A63}"
EndProject
Global
	GlobalSection(SolutionConfigurationPlatforms) = preSolution
		Debug|Any CPU = Debug|Any CPU
		Release|Any CPU = Release|Any CPU
	EndGlobalSection
	GlobalSection(ProjectConfigurationPlatforms) = postSolution
		{0F59AF90-5046-484C-9F0C-B56D52B443DD}.Debug|Any CPU.ActiveCfg = Debug
		{0F59AF90-5046-484C-9F0C-B56D52B443DD}.Debug|Any CPU.Build.0 = Debug
		{0F59AF90-5046-484C-9F0C-B56D52B443DD}.Release|Any CPU.ActiveCfg = Release
		{0F59AF90-5046-484C-9F0C-B56D52B443DD}.Release|Any CPU.Build.0 = Release
		{10C4EA75-C7D9-45C0-8F9F-154C25904A63}.Debug|Any CPU.ActiveCfg = Debug|Any CPU
		{10C4EA75-C7D9-45C0-8F9F-154C25904A63}.Debug|Any CPU.Build.0 = Debug|Any CPU
		{10C4EA75-C7D9-45C0-8F9F-154C25904A63}.Release|Any CPU.ActiveCfg = Release|Any CPU
		{10C4EA75-C7D9-45C0-8F9F-154C25904A63}.Release|Any CPU.Build.0 = Release|Any CPU
	EndGlobalSection
	GlobalSection(SolutionProperties) = preSolution
		HideSolutionNode = FALSE
	EndGlobalSection
	GlobalSection(ExtensibilityGlobals) = postSolution
		SolutionGuid = {0045C491-6961-4431-9607-3F3E996C3795}
	EndGlobalSection
EndGlobal
